
Microsoft Visual Studio Solution File, Format Version 12.00
# Visual Studio Version 17
VisualStudioVersion = 17.0.31903.59
MinimumVisualStudioVersion = 10.0.40219.1
Project("{2150E333-8FDC-42A3-9474-1A3956D46DE8}") = "src", "src", "{320C6C35-9F23-4446-B46D-C3B0F6B71B75}"
EndProject
Project("{2150E333-8FDC-42A3-9474-1A3956D46DE8}") = "core", "core", "{75296A46-6331-4AFD-ABB5-93ECD05D6D5D}"
EndProject
Project("{FAE04EC0-301F-11D3-BF4B-00C04F79EFBC}") = "NetProcessor.Data", "src\core\NetProcessor.Data\NetProcessor.Data.csproj", "{FE249C9F-693E-4C3F-8C2A-A94230ED19F8}"
EndProject
Project("{2150E333-8FDC-42A3-9474-1A3956D46DE8}") = "tests", "tests", "{F93A79F1-F0B0-444D-A809-9E56040099F0}"
EndProject
Project("{FAE04EC0-301F-11D3-BF4B-00C04F79EFBC}") = "NetProcessor.Tests", "tests\NetProcessor.Tests\NetProcessor.Tests.csproj", "{4D9DC181-ECF7-4A4B-8BC9-E9F88FC37240}"
EndProject
Project("{FAE04EC0-301F-11D3-BF4B-00C04F79EFBC}") = "BgSoftLab.Results", "src\core\BgSoftLab.Result\BgSoftLab.Results.csproj", "{34C3F87D-C52B-4CDD-8858-19F9A1A3FEEF}"
EndProject
Project("{FAE04EC0-301F-11D3-BF4B-00C04F79EFBC}") = "NetProcessor.ResultStructure", "tests\NetProcessor.ResultStructure\NetProcessor.ResultStructure.csproj", "{6D3425D7-DEA9-47FE-ACA8-F1C8DACA3DD8}"
EndProject
Project("{FAE04EC0-301F-11D3-BF4B-00C04F79EFBC}") = "BgSoftLab.Extentions", "src\core\BgSoftLab.Extentions\BgSoftLab.Extentions.csproj", "{A2C62325-E3A8-4E9D-A50A-2EC8B19910B3}"
EndProject
Project("{FAE04EC0-301F-11D3-BF4B-00C04F79EFBC}") = "ExtentionTests", "tests\ExtentionTests\ExtentionTests.csproj", "{6BEB25CE-BAA7-4B38-8C29-55F898793930}"
EndProject
Project("{FAE04EC0-301F-11D3-BF4B-00C04F79EFBC}") = "NetProcessorParserTests", "tests\NetProcessorParserTests\NetProcessorParserTests.csproj", "{0683D790-49AF-4EB9-8BD3-1099ECFB054F}"
EndProject
Project("{FAE04EC0-301F-11D3-BF4B-00C04F79EFBC}") = "NetProcessor.Test", "NetProcessor.Test\NetProcessor.Test.csproj", "{699A313C-28DA-408D-B31D-3C37821EAF1D}"
EndProject
Global
	GlobalSection(SolutionConfigurationPlatforms) = preSolution
		Debug|Any CPU = Debug|Any CPU
		Release|Any CPU = Release|Any CPU
	EndGlobalSection
	GlobalSection(SolutionProperties) = preSolution
		HideSolutionNode = FALSE
	EndGlobalSection
	GlobalSection(ProjectConfigurationPlatforms) = postSolution
		{FE249C9F-693E-4C3F-8C2A-A94230ED19F8}.Debug|Any CPU.ActiveCfg = Debug|Any CPU
		{FE249C9F-693E-4C3F-8C2A-A94230ED19F8}.Debug|Any CPU.Build.0 = Debug|Any CPU
		{FE249C9F-693E-4C3F-8C2A-A94230ED19F8}.Release|Any CPU.ActiveCfg = Release|Any CPU
		{FE249C9F-693E-4C3F-8C2A-A94230ED19F8}.Release|Any CPU.Build.0 = Release|Any CPU
		{4D9DC181-ECF7-4A4B-8BC9-E9F88FC37240}.Debug|Any CPU.ActiveCfg = Debug|Any CPU
		{4D9DC181-ECF7-4A4B-8BC9-E9F88FC37240}.Debug|Any CPU.Build.0 = Debug|Any CPU
		{4D9DC181-ECF7-4A4B-8BC9-E9F88FC37240}.Release|Any CPU.ActiveCfg = Release|Any CPU
		{4D9DC181-ECF7-4A4B-8BC9-E9F88FC37240}.Release|Any CPU.Build.0 = Release|Any CPU
		{34C3F87D-C52B-4CDD-8858-19F9A1A3FEEF}.Debug|Any CPU.ActiveCfg = Debug|Any CPU
		{34C3F87D-C52B-4CDD-8858-19F9A1A3FEEF}.Debug|Any CPU.Build.0 = Debug|Any CPU
		{34C3F87D-C52B-4CDD-8858-19F9A1A3FEEF}.Release|Any CPU.ActiveCfg = Release|Any CPU
		{34C3F87D-C52B-4CDD-8858-19F9A1A3FEEF}.Release|Any CPU.Build.0 = Release|Any CPU
		{6D3425D7-DEA9-47FE-ACA8-F1C8DACA3DD8}.Debug|Any CPU.ActiveCfg = Debug|Any CPU
		{6D3425D7-DEA9-47FE-ACA8-F1C8DACA3DD8}.Debug|Any CPU.Build.0 = Debug|Any CPU
		{6D3425D7-DEA9-47FE-ACA8-F1C8DACA3DD8}.Release|Any CPU.ActiveCfg = Release|Any CPU
		{6D3425D7-DEA9-47FE-ACA8-F1C8DACA3DD8}.Release|Any CPU.Build.0 = Release|Any CPU
		{A2C62325-E3A8-4E9D-A50A-2EC8B19910B3}.Debug|Any CPU.ActiveCfg = Debug|Any CPU
		{A2C62325-E3A8-4E9D-A50A-2EC8B19910B3}.Debug|Any CPU.Build.0 = Debug|Any CPU
		{A2C62325-E3A8-4E9D-A50A-2EC8B19910B3}.Release|Any CPU.ActiveCfg = Release|Any CPU
		{A2C62325-E3A8-4E9D-A50A-2EC8B19910B3}.Release|Any CPU.Build.0 = Release|Any CPU
		{6BEB25CE-BAA7-4B38-8C29-55F898793930}.Debug|Any CPU.ActiveCfg = Debug|Any CPU
		{6BEB25CE-BAA7-4B38-8C29-55F898793930}.Debug|Any CPU.Build.0 = Debug|Any CPU
		{6BEB25CE-BAA7-4B38-8C29-55F898793930}.Release|Any CPU.ActiveCfg = Release|Any CPU
		{6BEB25CE-BAA7-4B38-8C29-55F898793930}.Release|Any CPU.Build.0 = Release|Any CPU
		{0683D790-49AF-4EB9-8BD3-1099ECFB054F}.Debug|Any CPU.ActiveCfg = Debug|Any CPU
		{0683D790-49AF-4EB9-8BD3-1099ECFB054F}.Debug|Any CPU.Build.0 = Debug|Any CPU
		{0683D790-49AF-4EB9-8BD3-1099ECFB054F}.Release|Any CPU.ActiveCfg = Release|Any CPU
		{0683D790-49AF-4EB9-8BD3-1099ECFB054F}.Release|Any CPU.Build.0 = Release|Any CPU
		{699A313C-28DA-408D-B31D-3C37821EAF1D}.Debug|Any CPU.ActiveCfg = Debug|Any CPU
		{699A313C-28DA-408D-B31D-3C37821EAF1D}.Debug|Any CPU.Build.0 = Debug|Any CPU
		{699A313C-28DA-408D-B31D-3C37821EAF1D}.Release|Any CPU.ActiveCfg = Release|Any CPU
		{699A313C-28DA-408D-B31D-3C37821EAF1D}.Release|Any CPU.Build.0 = Release|Any CPU
	EndGlobalSection
	GlobalSection(NestedProjects) = preSolution
		{75296A46-6331-4AFD-ABB5-93ECD05D6D5D} = {320C6C35-9F23-4446-B46D-C3B0F6B71B75}
		{FE249C9F-693E-4C3F-8C2A-A94230ED19F8} = {75296A46-6331-4AFD-ABB5-93ECD05D6D5D}
		{4D9DC181-ECF7-4A4B-8BC9-E9F88FC37240} = {F93A79F1-F0B0-444D-A809-9E56040099F0}
		{34C3F87D-C52B-4CDD-8858-19F9A1A3FEEF} = {75296A46-6331-4AFD-ABB5-93ECD05D6D5D}
		{6D3425D7-DEA9-47FE-ACA8-F1C8DACA3DD8} = {F93A79F1-F0B0-444D-A809-9E56040099F0}
		{A2C62325-E3A8-4E9D-A50A-2EC8B19910B3} = {75296A46-6331-4AFD-ABB5-93ECD05D6D5D}
		{6BEB25CE-BAA7-4B38-8C29-55F898793930} = {F93A79F1-F0B0-444D-A809-9E56040099F0}
		{0683D790-49AF-4EB9-8BD3-1099ECFB054F} = {F93A79F1-F0B0-444D-A809-9E56040099F0}
		{699A313C-28DA-408D-B31D-3C37821EAF1D} = {F93A79F1-F0B0-444D-A809-9E56040099F0}
	EndGlobalSection
EndGlobal
